{
  "requires": true,
  "lockfileVersion": 1,
  "dependencies": {
    "bs-platform": {
      "version": "6.0.0-dev.1",
      "resolved": "https://registry.npmjs.org/bs-platform/-/bs-platform-6.0.0-dev.1.tgz",
      "integrity": "sha512-1E1G6xEovnWdiQVt0TyS8Z4F+3hJTxMZBKcSHJ9Yf+xMNQgA/BR5HV3IgI8BkPc+dntifiu7JS9yrbws5qksNA=="
    }
  }
}
